// !$*UTF8*$!
{
	archiveVersion = 1;
	classes = {
	};
	objectVersion = 56;
	objects = {

/* Begin PBXBuildFile section */
		DAF199CB2992DEC2002847FF /* swiftUI_combine_SampleAppApp.swift in Sources */ = {isa = PBXBuildFile; fileRef = DAF199CA2992DEC2002847FF /* swiftUI_combine_SampleAppApp.swift */; };
		DAF199CD2992DEC2002847FF /* LoanView.swift in Sources */ = {isa = PBXBuildFile; fileRef = DAF199CC2992DEC2002847FF /* LoanView.swift */; };
		DAF199CF2992DEC3002847FF /* Assets.xcassets in Resources */ = {isa = PBXBuildFile; fileRef = DAF199CE2992DEC3002847FF /* Assets.xcassets */; };
		DAF199D22992DEC3002847FF /* Preview Assets.xcassets in Resources */ = {isa = PBXBuildFile; fileRef = DAF199D12992DEC3002847FF /* Preview Assets.xcassets */; };
		DAF199D42992DEC3002847FF /* Persistence.swift in Sources */ = {isa = PBXBuildFile; fileRef = DAF199D32992DEC3002847FF /* Persistence.swift */; };
		DAF199D72992DEC3002847FF /* swiftUI_combine_SampleApp.xcdatamodeld in Sources */ = {isa = PBXBuildFile; fileRef = DAF199D52992DEC3002847FF /* swiftUI_combine_SampleApp.xcdatamodeld */; };
		DAF199DF299300C4002847FF /* LoanCellView.swift in Sources */ = {isa = PBXBuildFile; fileRef = DAF199DE299300C4002847FF /* LoanCellView.swift */; };
		DAF199E1299301DE002847FF /* Date+Ext.swift in Sources */ = {isa = PBXBuildFile; fileRef = DAF199E0299301DE002847FF /* Date+Ext.swift */; };
		DAF199E329930264002847FF /* Double+Ext.swift in Sources */ = {isa = PBXBuildFile; fileRef = DAF199E229930264002847FF /* Double+Ext.swift */; };
		DAF199E72993041A002847FF /* AddLoanView.swift in Sources */ = {isa = PBXBuildFile; fileRef = DAF199E62993041A002847FF /* AddLoanView.swift */; };
		DAF199EA299308F7002847FF /* AddLoanViewModel.swift in Sources */ = {isa = PBXBuildFile; fileRef = DAF199E9299308F7002847FF /* AddLoanViewModel.swift */; };
		DAF199F129931362002847FF /* PaymentView.swift in Sources */ = {isa = PBXBuildFile; fileRef = DAF199F029931362002847FF /* PaymentView.swift */; };
		DAF199F329931385002847FF /* PaymentViewModel.swift in Sources */ = {isa = PBXBuildFile; fileRef = DAF199F229931385002847FF /* PaymentViewModel.swift */; };
		DAF199F529931800002847FF /* AddPaymentViewModel.swift in Sources */ = {isa = PBXBuildFile; fileRef = DAF199F429931800002847FF /* AddPaymentViewModel.swift */; };
		DAF199F729931835002847FF /* AddPaymentView.swift in Sources */ = {isa = PBXBuildFile; fileRef = DAF199F629931835002847FF /* AddPaymentView.swift */; };
		DAF199F929931F0A002847FF /* PaymentCellView.swift in Sources */ = {isa = PBXBuildFile; fileRef = DAF199F829931F0A002847FF /* PaymentCellView.swift */; };
		DAF199FB29936D9A002847FF /* ProgressBar.swift in Sources */ = {isa = PBXBuildFile; fileRef = DAF199FA29936D9A002847FF /* ProgressBar.swift */; };
/* End PBXBuildFile section */

/* Begin PBXFileReference section */
		DAF199C72992DEC2002847FF /* swiftUI-combine-SampleApp.app */ = {isa = PBXFileReference; explicitFileType = wrapper.application; includeInIndex = 0; path = "swiftUI-combine-SampleApp.app"; sourceTree = BUILT_PRODUCTS_DIR; };
		DAF199CA2992DEC2002847FF /* swiftUI_combine_SampleAppApp.swift */ = {isa = PBXFileReference; lastKnownFileType = sourcecode.swift; path = swiftUI_combine_SampleAppApp.swift; sourceTree = "<group>"; };
		DAF199CC2992DEC2002847FF /* LoanView.swift */ = {isa = PBXFileReference; lastKnownFileType = sourcecode.swift; path = LoanView.swift; sourceTree = "<group>"; };
		DAF199CE2992DEC3002847FF /* Assets.xcassets */ = {isa = PBXFileReference; lastKnownFileType = folder.assetcatalog; path = Assets.xcassets; sourceTree = "<group>"; };
		DAF199D12992DEC3002847FF /* Preview Assets.xcassets */ = {isa = PBXFileReference; lastKnownFileType = folder.assetcatalog; path = "Preview Assets.xcassets"; sourceTree = "<group>"; };
		DAF199D32992DEC3002847FF /* Persistence.swift */ = {isa = PBXFileReference; lastKnownFileType = sourcecode.swift; path = Persistence.swift; sourceTree = "<group>"; };
		DAF199D62992DEC3002847FF /* swiftUI_combine_SampleApp.xcdatamodel */ = {isa = PBXFileReference; lastKnownFileType = wrapper.xcdatamodel; path = swiftUI_combine_SampleApp.xcdatamodel; sourceTree = "<group>"; };
		DAF199D82992DEC3002847FF /* Info.plist */ = {isa = PBXFileReference; lastKnownFileType = text.plist.xml; path = Info.plist; sourceTree = "<group>"; };
		DAF199DE299300C4002847FF /* LoanCellView.swift */ = {isa = PBXFileReference; lastKnownFileType = sourcecode.swift; path = LoanCellView.swift; sourceTree = "<group>"; };
		DAF199E0299301DE002847FF /* Date+Ext.swift */ = {isa = PBXFileReference; lastKnownFileType = sourcecode.swift; path = "Date+Ext.swift"; sourceTree = "<group>"; };
		DAF199E229930264002847FF /* Double+Ext.swift */ = {isa = PBXFileReference; lastKnownFileType = sourcecode.swift; path = "Double+Ext.swift"; sourceTree = "<group>"; };
		DAF199E62993041A002847FF /* AddLoanView.swift */ = {isa = PBXFileReference; lastKnownFileType = sourcecode.swift; path = AddLoanView.swift; sourceTree = "<group>"; };
		DAF199E9299308F7002847FF /* AddLoanViewModel.swift */ = {isa = PBXFileReference; lastKnownFileType = sourcecode.swift; path = AddLoanViewModel.swift; sourceTree = "<group>"; };
		DAF199F029931362002847FF /* PaymentView.swift */ = {isa = PBXFileReference; lastKnownFileType = sourcecode.swift; path = PaymentView.swift; sourceTree = "<group>"; };
		DAF199F229931385002847FF /* PaymentViewModel.swift */ = {isa = PBXFileReference; lastKnownFileType = sourcecode.swift; path = PaymentViewModel.swift; sourceTree = "<group>"; };
		DAF199F429931800002847FF /* AddPaymentViewModel.swift */ = {isa = PBXFileReference; lastKnownFileType = sourcecode.swift; path = AddPaymentViewModel.swift; sourceTree = "<group>"; };
		DAF199F629931835002847FF /* AddPaymentView.swift */ = {isa = PBXFileReference; lastKnownFileType = sourcecode.swift; path = AddPaymentView.swift; sourceTree = "<group>"; };
		DAF199F829931F0A002847FF /* PaymentCellView.swift */ = {isa = PBXFileReference; lastKnownFileType = sourcecode.swift; path = PaymentCellView.swift; sourceTree = "<group>"; };
		DAF199FA29936D9A002847FF /* ProgressBar.swift */ = {isa = PBXFileReference; lastKnownFileType = sourcecode.swift; path = ProgressBar.swift; sourceTree = "<group>"; };
		DAF199FC29937E5B002847FF /* swiftUI-combine-SampleApp.entitlements */ = {isa = PBXFileReference; lastKnownFileType = text.plist.entitlements; path = "swiftUI-combine-SampleApp.entitlements"; sourceTree = "<group>"; };
/* End PBXFileReference section */

/* Begin PBXFrameworksBuildPhase section */
		DAF199C42992DEC2002847FF /* Frameworks */ = {
			isa = PBXFrameworksBuildPhase;
			buildActionMask = 2147483647;
			files = (
			);
			runOnlyForDeploymentPostprocessing = 0;
		};
/* End PBXFrameworksBuildPhase section */

/* Begin PBXGroup section */
		DAF199BE2992DEC2002847FF = {
			isa = PBXGroup;
			children = (
				DAF199C92992DEC2002847FF /* swiftUI-combine-SampleApp */,
				DAF199C82992DEC2002847FF /* Products */,
			);
			sourceTree = "<group>";
		};
		DAF199C82992DEC2002847FF /* Products */ = {
			isa = PBXGroup;
			children = (
				DAF199C72992DEC2002847FF /* swiftUI-combine-SampleApp.app */,
			);
			name = Products;
			sourceTree = "<group>";
		};
		DAF199C92992DEC2002847FF /* swiftUI-combine-SampleApp */ = {
			isa = PBXGroup;
			children = (
				DAF199FC29937E5B002847FF /* swiftUI-combine-SampleApp.entitlements */,
				DAF199CA2992DEC2002847FF /* swiftUI_combine_SampleAppApp.swift */,
				DAF199EC299312E7002847FF /* Model */,
				DAF199EB299312D0002847FF /* CoreData */,
				DAF199E8299308E5002847FF /* ViewModel */,
				DAF199E529930406002847FF /* Extensions */,
				DAF199ED29931316002847FF /* LoanView */,
				DAF199EE2993131E002847FF /* AddLoanView */,
				DAF199EF29931348002847FF /* PaymentView */,
				DAF199E4299303FA002847FF /* Views */,
				DAF199CE2992DEC3002847FF /* Assets.xcassets */,
				DAF199D82992DEC3002847FF /* Info.plist */,
				DAF199D02992DEC3002847FF /* Preview Content */,
			);
			path = "swiftUI-combine-SampleApp";
			sourceTree = "<group>";
		};
		DAF199D02992DEC3002847FF /* Preview Content */ = {
			isa = PBXGroup;
			children = (
				DAF199D12992DEC3002847FF /* Preview Assets.xcassets */,
			);
			path = "Preview Content";
			sourceTree = "<group>";
		};
		DAF199E4299303FA002847FF /* Views */ = {
			isa = PBXGroup;
			children = (
				DAF199DE299300C4002847FF /* LoanCellView.swift */,
				DAF199F829931F0A002847FF /* PaymentCellView.swift */,
				DAF199FA29936D9A002847FF /* ProgressBar.swift */,
			);
			path = Views;
			sourceTree = "<group>";
		};
		DAF199E529930406002847FF /* Extensions */ = {
			isa = PBXGroup;
			children = (
				DAF199E0299301DE002847FF /* Date+Ext.swift */,
				DAF199E229930264002847FF /* Double+Ext.swift */,
			);
			path = Extensions;
			sourceTree = "<group>";
		};
		DAF199E8299308E5002847FF /* ViewModel */ = {
			isa = PBXGroup;
			children = (
				DAF199E9299308F7002847FF /* AddLoanViewModel.swift */,
				DAF199F229931385002847FF /* PaymentViewModel.swift */,
				DAF199F429931800002847FF /* AddPaymentViewModel.swift */,
			);
			path = ViewModel;
			sourceTree = "<group>";
		};
		DAF199EB299312D0002847FF /* CoreData */ = {
			isa = PBXGroup;
			children = (
				DAF199D32992DEC3002847FF /* Persistence.swift */,
			);
			path = CoreData;
			sourceTree = "<group>";
		};
		DAF199EC299312E7002847FF /* Model */ = {
			isa = PBXGroup;
			children = (
				DAF199D52992DEC3002847FF /* swiftUI_combine_SampleApp.xcdatamodeld */,
			);
			path = Model;
			sourceTree = "<group>";
		};
		DAF199ED29931316002847FF /* LoanView */ = {
			isa = PBXGroup;
			children = (
				DAF199CC2992DEC2002847FF /* LoanView.swift */,
			);
			path = LoanView;
			sourceTree = "<group>";
		};
		DAF199EE2993131E002847FF /* AddLoanView */ = {
			isa = PBXGroup;
			children = (
				DAF199E62993041A002847FF /* AddLoanView.swift */,
			);
			path = AddLoanView;
			sourceTree = "<group>";
		};
		DAF199EF29931348002847FF /* PaymentView */ = {
			isa = PBXGroup;
			children = (
				DAF199F029931362002847FF /* PaymentView.swift */,
				DAF199F629931835002847FF /* AddPaymentView.swift */,
			);
			path = PaymentView;
			sourceTree = "<group>";
		};
/* End PBXGroup section */

/* Begin PBXNativeTarget section */
		DAF199C62992DEC2002847FF /* swiftUI-combine-SampleApp */ = {
			isa = PBXNativeTarget;
			buildConfigurationList = DAF199DB2992DEC3002847FF /* Build configuration list for PBXNativeTarget "swiftUI-combine-SampleApp" */;
			buildPhases = (
				DAF199C32992DEC2002847FF /* Sources */,
				DAF199C42992DEC2002847FF /* Frameworks */,
				DAF199C52992DEC2002847FF /* Resources */,
			);
			buildRules = (
			);
			dependencies = (
			);
			name = "swiftUI-combine-SampleApp";
			productName = "swiftUI-combine-SampleApp";
			productReference = DAF199C72992DEC2002847FF /* swiftUI-combine-SampleApp.app */;
			productType = "com.apple.product-type.application";
		};
/* End PBXNativeTarget section */

/* Begin PBXProject section */
		DAF199BF2992DEC2002847FF /* Project object */ = {
			isa = PBXProject;
			attributes = {
				BuildIndependentTargetsInParallel = 1;
				LastSwiftUpdateCheck = 1420;
				LastUpgradeCheck = 1420;
				TargetAttributes = {
					DAF199C62992DEC2002847FF = {
						CreatedOnToolsVersion = 14.2;
					};
				};
			};
			buildConfigurationList = DAF199C22992DEC2002847FF /* Build configuration list for PBXProject "swiftUI-combine-SampleApp" */;
			compatibilityVersion = "Xcode 14.0";
			developmentRegion = en;
			hasScannedForEncodings = 0;
			knownRegions = (
				en,
				Base,
			);
			mainGroup = DAF199BE2992DEC2002847FF;
			productRefGroup = DAF199C82992DEC2002847FF /* Products */;
			projectDirPath = "";
			projectRoot = "";
			targets = (
				DAF199C62992DEC2002847FF /* swiftUI-combine-SampleApp */,
			);
		};
/* End PBXProject section */

/* Begin PBXResourcesBuildPhase section */
		DAF199C52992DEC2002847FF /* Resources */ = {
			isa = PBXResourcesBuildPhase;
			buildActionMask = 2147483647;
			files = (
				DAF199D22992DEC3002847FF /* Preview Assets.xcassets in Resources */,
				DAF199CF2992DEC3002847FF /* Assets.xcassets in Resources */,
			);
			runOnlyForDeploymentPostprocessing = 0;
		};
/* End PBXResourcesBuildPhase section */

/* Begin PBXSourcesBuildPhase section */
		DAF199C32992DEC2002847FF /* Sources */ = {
			isa = PBXSourcesBuildPhase;
			buildActionMask = 2147483647;
			files = (
				DAF199D42992DEC3002847FF /* Persistence.swift in Sources */,
				DAF199CD2992DEC2002847FF /* LoanView.swift in Sources */,
				DAF199E72993041A002847FF /* AddLoanView.swift in Sources */,
				DAF199F929931F0A002847FF /* PaymentCellView.swift in Sources */,
				DAF199F129931362002847FF /* PaymentView.swift in Sources */,
				DAF199DF299300C4002847FF /* LoanCellView.swift in Sources */,
				DAF199E1299301DE002847FF /* Date+Ext.swift in Sources */,
				DAF199EA299308F7002847FF /* AddLoanViewModel.swift in Sources */,
				DAF199F529931800002847FF /* AddPaymentViewModel.swift in Sources */,
				DAF199E329930264002847FF /* Double+Ext.swift in Sources */,
				DAF199CB2992DEC2002847FF /* swiftUI_combine_SampleAppApp.swift in Sources */,
				DAF199D72992DEC3002847FF /* swiftUI_combine_SampleApp.xcdatamodeld in Sources */,
				DAF199F729931835002847FF /* AddPaymentView.swift in Sources */,
				DAF199FB29936D9A002847FF /* ProgressBar.swift in Sources */,
				DAF199F329931385002847FF /* PaymentViewModel.swift in Sources */,
			);
			runOnlyForDeploymentPostprocessing = 0;
		};
/* End PBXSourcesBuildPhase section */

/* Begin XCBuildConfiguration section */
		DAF199D92992DEC3002847FF /* Debug */ = {
			isa = XCBuildConfiguration;
			buildSettings = {
				ALWAYS_SEARCH_USER_PATHS = NO;
				CLANG_ANALYZER_NONNULL = YES;
				CLANG_ANALYZER_NUMBER_OBJECT_CONVERSION = YES_AGGRESSIVE;
				CLANG_CXX_LANGUAGE_STANDARD = "gnu++20";
				CLANG_ENABLE_MODULES = YES;
				CLANG_ENABLE_OBJC_ARC = YES;
				CLANG_ENABLE_OBJC_WEAK = YES;
				CLANG_WARN_BLOCK_CAPTURE_AUTORELEASING = YES;
				CLANG_WARN_BOOL_CONVERSION = YES;
				CLANG_WARN_COMMA = YES;
				CLANG_WARN_CONSTANT_CONVERSION = YES;
				CLANG_WARN_DEPRECATED_OBJC_IMPLEMENTATIONS = YES;
				CLANG_WARN_DIRECT_OBJC_ISA_USAGE = YES_ERROR;
				CLANG_WARN_DOCUMENTATION_COMMENTS = YES;
				CLANG_WARN_EMPTY_BODY = YES;
				CLANG_WARN_ENUM_CONVERSION = YES;
				CLANG_WARN_INFINITE_RECURSION = YES;
				CLANG_WARN_INT_CONVERSION = YES;
				CLANG_WARN_NON_LITERAL_NULL_CONVERSION = YES;
				CLANG_WARN_OBJC_IMPLICIT_RETAIN_SELF = YES;
				CLANG_WARN_OBJC_LITERAL_CONVERSION = YES;
				CLANG_WARN_OBJC_ROOT_CLASS = YES_ERROR;
				CLANG_WARN_QUOTED_INCLUDE_IN_FRAMEWORK_HEADER = YES;
				CLANG_WARN_RANGE_LOOP_ANALYSIS = YES;
				CLANG_WARN_STRICT_PROTOTYPES = YES;
				CLANG_WARN_SUSPICIOUS_MOVE = YES;
				CLANG_WARN_UNGUARDED_AVAILABILITY = YES_AGGRESSIVE;
				CLANG_WARN_UNREACHABLE_CODE = YES;
				CLANG_WARN__DUPLICATE_METHOD_MATCH = YES;
				COPY_PHASE_STRIP = NO;
				DEBUG_INFORMATION_FORMAT = dwarf;
				ENABLE_STRICT_OBJC_MSGSEND = YES;
				ENABLE_TESTABILITY = YES;
				GCC_C_LANGUAGE_STANDARD = gnu11;
				GCC_DYNAMIC_NO_PIC = NO;
				GCC_NO_COMMON_BLOCKS = YES;
				GCC_OPTIMIZATION_LEVEL = 0;
				GCC_PREPROCESSOR_DEFINITIONS = (
					"DEBUG=1",
					"$(inherited)",
				);
				GCC_WARN_64_TO_32_BIT_CONVERSION = YES;
				GCC_WARN_ABOUT_RETURN_TYPE = YES_ERROR;
				GCC_WARN_UNDECLARED_SELECTOR = YES;
				GCC_WARN_UNINITIALIZED_AUTOS = YES_AGGRESSIVE;
				GCC_WARN_UNUSED_FUNCTION = YES;
				GCC_WARN_UNUSED_VARIABLE = YES;
				IPHONEOS_DEPLOYMENT_TARGET = 16.2;
				MTL_ENABLE_DEBUG_INFO = INCLUDE_SOURCE;
				MTL_FAST_MATH = YES;
				ONLY_ACTIVE_ARCH = YES;
				SDKROOT = iphoneos;
				SWIFT_ACTIVE_COMPILATION_CONDITIONS = DEBUG;
				SWIFT_OPTIMIZATION_LEVEL = "-Onone";
			};
			name = Debug;
		};
		DAF199DA2992DEC3002847FF /* Release */ = {
			isa = XCBuildConfiguration;
			buildSettings = {
				ALWAYS_SEARCH_USER_PATHS = NO;
				CLANG_ANALYZER_NONNULL = YES;
				CLANG_ANALYZER_NUMBER_OBJECT_CONVERSION = YES_AGGRESSIVE;
				CLANG_CXX_LANGUAGE_STANDARD = "gnu++20";
				CLANG_ENABLE_MODULES = YES;
				CLANG_ENABLE_OBJC_ARC = YES;
				CLANG_ENABLE_OBJC_WEAK = YES;
				CLANG_WARN_BLOCK_CAPTURE_AUTORELEASING = YES;
				CLANG_WARN_BOOL_CONVERSION = YES;
				CLANG_WARN_COMMA = YES;
				CLANG_WARN_CONSTANT_CONVERSION = YES;
				CLANG_WARN_DEPRECATED_OBJC_IMPLEMENTATIONS = YES;
				CLANG_WARN_DIRECT_OBJC_ISA_USAGE = YES_ERROR;
				CLANG_WARN_DOCUMENTATION_COMMENTS = YES;
				CLANG_WARN_EMPTY_BODY = YES;
				CLANG_WARN_ENUM_CONVERSION = YES;
				CLANG_WARN_INFINITE_RECURSION = YES;
				CLANG_WARN_INT_CONVERSION = YES;
				CLANG_WARN_NON_LITERAL_NULL_CONVERSION = YES;
				CLANG_WARN_OBJC_IMPLICIT_RETAIN_SELF = YES;
				CLANG_WARN_OBJC_LITERAL_CONVERSION = YES;
				CLANG_WARN_OBJC_ROOT_CLASS = YES_ERROR;
				CLANG_WARN_QUOTED_INCLUDE_IN_FRAMEWORK_HEADER = YES;
				CLANG_WARN_RANGE_LOOP_ANALYSIS = YES;
				CLANG_WARN_STRICT_PROTOTYPES = YES;
				CLANG_WARN_SUSPICIOUS_MOVE = YES;
				CLANG_WARN_UNGUARDED_AVAILABILITY = YES_AGGRESSIVE;
				CLANG_WARN_UNREACHABLE_CODE = YES;
				CLANG_WARN__DUPLICATE_METHOD_MATCH = YES;
				COPY_PHASE_STRIP = NO;
				DEBUG_INFORMATION_FORMAT = "dwarf-with-dsym";
				ENABLE_NS_ASSERTIONS = NO;
				ENABLE_STRICT_OBJC_MSGSEND = YES;
				GCC_C_LANGUAGE_STANDARD = gnu11;
				GCC_NO_COMMON_BLOCKS = YES;
				GCC_WARN_64_TO_32_BIT_CONVERSION = YES;
				GCC_WARN_ABOUT_RETURN_TYPE = YES_ERROR;
				GCC_WARN_UNDECLARED_SELECTOR = YES;
				GCC_WARN_UNINITIALIZED_AUTOS = YES_AGGRESSIVE;
				GCC_WARN_UNUSED_FUNCTION = YES;
				GCC_WARN_UNUSED_VARIABLE = YES;
				IPHONEOS_DEPLOYMENT_TARGET = 16.2;
				MTL_ENABLE_DEBUG_INFO = NO;
				MTL_FAST_MATH = YES;
				SDKROOT = iphoneos;
				SWIFT_COMPILATION_MODE = wholemodule;
				SWIFT_OPTIMIZATION_LEVEL = "-O";
				VALIDATE_PRODUCT = YES;
			};
			name = Release;
		};
		DAF199DC2992DEC3002847FF /* Debug */ = {
			isa = XCBuildConfiguration;
			buildSettings = {
				ASSETCATALOG_COMPILER_APPICON_NAME = AppIcon;
				ASSETCATALOG_COMPILER_GLOBAL_ACCENT_COLOR_NAME = AccentColor;
				CODE_SIGN_ENTITLEMENTS = "swiftUI-combine-SampleApp/swiftUI-combine-SampleApp.entitlements";
				CODE_SIGN_IDENTITY = "Apple Development";
				CODE_SIGN_STYLE = Automatic;
				CURRENT_PROJECT_VERSION = 1;
				DEVELOPMENT_ASSET_PATHS = "\"swiftUI-combine-SampleApp/Preview Content\"";
				DEVELOPMENT_TEAM = FVWPNKUT4H;
				ENABLE_PREVIEWS = YES;
				GENERATE_INFOPLIST_FILE = YES;
				INFOPLIST_KEY_UIApplicationSceneManifest_Generation = YES;
				INFOPLIST_KEY_UIApplicationSupportsIndirectInputEvents = YES;
				INFOPLIST_KEY_UILaunchScreen_Generation = YES;
				INFOPLIST_KEY_UISupportedInterfaceOrientations_iPad = "UIInterfaceOrientationPortrait UIInterfaceOrientationPortraitUpsideDown UIInterfaceOrientationLandscapeLeft UIInterfaceOrientationLandscapeRight";
				INFOPLIST_KEY_UISupportedInterfaceOrientations_iPhone = "UIInterfaceOrientationPortrait UIInterfaceOrientationLandscapeLeft UIInterfaceOrientationLandscapeRight";
				LD_RUNPATH_SEARCH_PATHS = (
					"$(inherited)",
					"@executable_path/Frameworks",
				);
				MARKETING_VERSION = 1.0;
				PRODUCT_BUNDLE_IDENTIFIER = "kr.co.chu.swiftUI-combine-SampleApp";
				PRODUCT_NAME = "$(TARGET_NAME)";
				PROVISIONING_PROFILE_SPECIFIER = "";
				SWIFT_EMIT_LOC_STRINGS = YES;
				SWIFT_VERSION = 5.0;
				TARGETED_DEVICE_FAMILY = "1,2";
			};
			name = Debug;
		};
		DAF199DD2992DEC3002847FF /* Release */ = {
			isa = XCBuildConfiguration;
			buildSettings = {
				ASSETCATALOG_COMPILER_APPICON_NAME = AppIcon;
				ASSETCATALOG_COMPILER_GLOBAL_ACCENT_COLOR_NAME = AccentColor;
				CODE_SIGN_ENTITLEMENTS = "swiftUI-combine-SampleApp/swiftUI-combine-SampleApp.entitlements";
				CODE_SIGN_IDENTITY = "Apple Development";
				CODE_SIGN_STYLE = Automatic;
				CURRENT_PROJECT_VERSION = 1;
				DEVELOPMENT_ASSET_PATHS = "\"swiftUI-combine-SampleApp/Preview Content\"";
				DEVELOPMENT_TEAM = FVWPNKUT4H;
				ENABLE_PREVIEWS = YES;
				GENERATE_INFOPLIST_FILE = YES;
				INFOPLIST_KEY_UIApplicationSceneManifest_Generation = YES;
				INFOPLIST_KEY_UIApplicationSupportsIndirectInputEvents = YES;
				INFOPLIST_KEY_UILaunchScreen_Generation = YES;
				INFOPLIST_KEY_UISupportedInterfaceOrientations_iPad = "UIInterfaceOrientationPortrait UIInterfaceOrientationPortraitUpsideDown UIInterfaceOrientationLandscapeLeft UIInterfaceOrientationLandscapeRight";
				INFOPLIST_KEY_UISupportedInterfaceOrientations_iPhone = "UIInterfaceOrientationPortrait UIInterfaceOrientationLandscapeLeft UIInterfaceOrientationLandscapeRight";
				LD_RUNPATH_SEARCH_PATHS = (
					"$(inherited)",
					"@executable_path/Frameworks",
				);
				MARKETING_VERSION = 1.0;
				PRODUCT_BUNDLE_IDENTIFIER = "kr.co.chu.swiftUI-combine-SampleApp";
				PRODUCT_NAME = "$(TARGET_NAME)";
				PROVISIONING_PROFILE_SPECIFIER = "";
				SWIFT_EMIT_LOC_STRINGS = YES;
				SWIFT_VERSION = 5.0;
				TARGETED_DEVICE_FAMILY = "1,2";
			};
			name = Release;
		};
/* End XCBuildConfiguration section */

/* Begin XCConfigurationList section */
		DAF199C22992DEC2002847FF /* Build configuration list for PBXProject "swiftUI-combine-SampleApp" */ = {
			isa = XCConfigurationList;
			buildConfigurations = (
				DAF199D92992DEC3002847FF /* Debug */,
				DAF199DA2992DEC3002847FF /* Release */,
			);
			defaultConfigurationIsVisible = 0;
			defaultConfigurationName = Release;
		};
		DAF199DB2992DEC3002847FF /* Build configuration list for PBXNativeTarget "swiftUI-combine-SampleApp" */ = {
			isa = XCConfigurationList;
			buildConfigurations = (
				DAF199DC2992DEC3002847FF /* Debug */,
				DAF199DD2992DEC3002847FF /* Release */,
			);
			defaultConfigurationIsVisible = 0;
			defaultConfigurationName = Release;
		};
/* End XCConfigurationList section */

/* Begin XCVersionGroup section */
		DAF199D52992DEC3002847FF /* swiftUI_combine_SampleApp.xcdatamodeld */ = {
			isa = XCVersionGroup;
			children = (
				DAF199D62992DEC3002847FF /* swiftUI_combine_SampleApp.xcdatamodel */,
			);
			currentVersion = DAF199D62992DEC3002847FF /* swiftUI_combine_SampleApp.xcdatamodel */;
			path = swiftUI_combine_SampleApp.xcdatamodeld;
			sourceTree = "<group>";
			versionGroupType = wrapper.xcdatamodel;
		};
/* End XCVersionGroup section */
	};
	rootObject = DAF199BF2992DEC2002847FF /* Project object */;
}
